lockfileVersion: '9.0'

settings:
  autoInstallPeers: true
  excludeLinksFromLockfile: false

importers:

  .:
    devDependencies:
      type-fest:
        specifier: ^5.4.2
        version: 5.4.2
      typescript:
        specifier: ^5.9.3
        version: 5.9.3

packages:

  tagged-tag@1.0.0:
    resolution: {integrity: sha512-yEFYrVhod+hdNyx7g5Bnkkb0G6si8HJurOoOEgC8B/O0uXLHlaey/65KRv6cuWBNhBgHKAROVpc7QyYqE5gFng==}
    engines: {node: '>=20'}

  type-fest@5.4.2:
    resolution: {integrity: sha512-FLEenlVYf7Zcd34ISMLo3ZzRE1gRjY1nMDTp+bQRBiPsaKyIW8K3Zr99ioHDUgA9OGuGGJPyYpNcffGmBhJfGg==}
    engines: {node: '>=20'}

  typescript@5.9.3:
    resolution: {integrity: sha512-jl1vZzPDinLr9eUt3J/t7V6FgNEw9QjvBPdysz9KfQDD41fQrC2Y4vKQdiaUpFT4bXlb1RHhLpp8wtm6M5TgSw==}
    engines: {node: '>=14.17'}
    hasBin: true

snapshots:

  tagged-tag@1.0.0: {}

  type-fest@5.4.2:
    dependencies:
      tagged-tag: 1.0.0

  typescript@5.9.3: {}
